// !$*UTF8*$!
{
	archiveVersion = 1;
	classes = {
	};
	objectVersion = 50;
	objects = {

/* Begin PBXBuildFile section */
		CEBBBD6225F34BFE001659A5 /* AppDelegate.swift in Sources */ = {isa = PBXBuildFile; fileRef = CEBBBD6125F34BFE001659A5 /* AppDelegate.swift */; };
		CEBBBD6425F34BFE001659A5 /* SceneDelegate.swift in Sources */ = {isa = PBXBuildFile; fileRef = CEBBBD6325F34BFE001659A5 /* SceneDelegate.swift */; };
		CEBBBD6625F34BFE001659A5 /* ViewController.swift in Sources */ = {isa = PBXBuildFile; fileRef = CEBBBD6525F34BFE001659A5 /* ViewController.swift */; };
		CEBBBD6925F34BFE001659A5 /* Main.storyboard in Resources */ = {isa = PBXBuildFile; fileRef = CEBBBD6725F34BFE001659A5 /* Main.storyboard */; };
		CEBBBD6B25F34C00001659A5 /* Assets.xcassets in Resources */ = {isa = PBXBuildFile; fileRef = CEBBBD6A25F34C00001659A5 /* Assets.xcassets */; };
		CEBBBD6E25F34C00001659A5 /* LaunchScreen.storyboard in Resources */ = {isa = PBXBuildFile; fileRef = CEBBBD6C25F34C00001659A5 /* LaunchScreen.storyboard */; };
		CEBBBD7B25F34CCA001659A5 /* ViewController_SignUp.swift in Sources */ = {isa = PBXBuildFile; fileRef = CEBBBD7A25F34CCA001659A5 /* ViewController_SignUp.swift */; };
		CEBBBD7E25F34CEE001659A5 /* ViewController_Login.swift in Sources */ = {isa = PBXBuildFile; fileRef = CEBBBD7D25F34CEE001659A5 /* ViewController_Login.swift */; };
		CEBBBD8125F34D30001659A5 /* ViewController_Home.swift in Sources */ = {isa = PBXBuildFile; fileRef = CEBBBD8025F34D30001659A5 /* ViewController_Home.swift */; };
/* End PBXBuildFile section */

/* Begin PBXFileReference section */
		CEBBBD5E25F34BFE001659A5 /* Cafe_NIBM.app */ = {isa = PBXFileReference; explicitFileType = wrapper.application; includeInIndex = 0; path = Cafe_NIBM.app; sourceTree = BUILT_PRODUCTS_DIR; };
		CEBBBD6125F34BFE001659A5 /* AppDelegate.swift */ = {isa = PBXFileReference; lastKnownFileType = sourcecode.swift; path = AppDelegate.swift; sourceTree = "<group>"; };
		CEBBBD6325F34BFE001659A5 /* SceneDelegate.swift */ = {isa = PBXFileReference; lastKnownFileType = sourcecode.swift; path = SceneDelegate.swift; sourceTree = "<group>"; };
		CEBBBD6525F34BFE001659A5 /* ViewController.swift */ = {isa = PBXFileReference; lastKnownFileType = sourcecode.swift; path = ViewController.swift; sourceTree = "<group>"; };
		CEBBBD6825F34BFE001659A5 /* Base */ = {isa = PBXFileReference; lastKnownFileType = file.storyboard; name = Base; path = Base.lproj/Main.storyboard; sourceTree = "<group>"; };
		CEBBBD6A25F34C00001659A5 /* Assets.xcassets */ = {isa = PBXFileReference; lastKnownFileType = folder.assetcatalog; path = Assets.xcassets; sourceTree = "<group>"; };
		CEBBBD6D25F34C00001659A5 /* Base */ = {isa = PBXFileReference; lastKnownFileType = file.storyboard; name = Base; path = Base.lproj/LaunchScreen.storyboard; sourceTree = "<group>"; };
		CEBBBD6F25F34C00001659A5 /* Info.plist */ = {isa = PBXFileReference; lastKnownFileType = text.plist.xml; path = Info.plist; sourceTree = "<group>"; };
		CEBBBD7A25F34CCA001659A5 /* ViewController_SignUp.swift */ = {isa = PBXFileReference; lastKnownFileType = sourcecode.swift; path = ViewController_SignUp.swift; sourceTree = "<group>"; };
		CEBBBD7D25F34CEE001659A5 /* ViewController_Login.swift */ = {isa = PBXFileReference; lastKnownFileType = sourcecode.swift; path = ViewController_Login.swift; sourceTree = "<group>"; };
		CEBBBD8025F34D30001659A5 /* ViewController_Home.swift */ = {isa = PBXFileReference; lastKnownFileType = sourcecode.swift; path = ViewController_Home.swift; sourceTree = "<group>"; };
/* End PBXFileReference section */

/* Begin PBXFrameworksBuildPhase section */
		CEBBBD5B25F34BFE001659A5 /* Frameworks */ = {
			isa = PBXFrameworksBuildPhase;
			buildActionMask = 2147483647;
			files = (
			);
			runOnlyForDeploymentPostprocessing = 0;
		};
/* End PBXFrameworksBuildPhase section */

/* Begin PBXGroup section */
		CEBBBD5525F34BFE001659A5 = {
			isa = PBXGroup;
			children = (
				CEBBBD6025F34BFE001659A5 /* Cafe_NIBM */,
				CEBBBD5F25F34BFE001659A5 /* Products */,
			);
			sourceTree = "<group>";
		};
		CEBBBD5F25F34BFE001659A5 /* Products */ = {
			isa = PBXGroup;
			children = (
				CEBBBD5E25F34BFE001659A5 /* Cafe_NIBM.app */,
			);
			name = Products;
			sourceTree = "<group>";
		};
		CEBBBD6025F34BFE001659A5 /* Cafe_NIBM */ = {
			isa = PBXGroup;
			children = (
				CEBBBD6125F34BFE001659A5 /* AppDelegate.swift */,
				CEBBBD6325F34BFE001659A5 /* SceneDelegate.swift */,
				CEBBBD8325F34D4E001659A5 /* All View Controllers */,
				CEBBBD6725F34BFE001659A5 /* Main.storyboard */,
				CEBBBD6A25F34C00001659A5 /* Assets.xcassets */,
				CEBBBD6C25F34C00001659A5 /* LaunchScreen.storyboard */,
				CEBBBD6F25F34C00001659A5 /* Info.plist */,
			);
			path = Cafe_NIBM;
			sourceTree = "<group>";
		};
		CEBBBD8325F34D4E001659A5 /* All View Controllers */ = {
			isa = PBXGroup;
			children = (
				CEBBBD8025F34D30001659A5 /* ViewController_Home.swift */,
				CEBBBD7D25F34CEE001659A5 /* ViewController_Login.swift */,
				CEBBBD7A25F34CCA001659A5 /* ViewController_SignUp.swift */,
				CEBBBD6525F34BFE001659A5 /* ViewController.swift */,
			);
			path = "All View Controllers";
			sourceTree = "<group>";
		};
/* End PBXGroup section */

/* Begin PBXNativeTarget section */
		CEBBBD5D25F34BFE001659A5 /* Cafe_NIBM */ = {
			isa = PBXNativeTarget;
			buildConfigurationList = CEBBBD7225F34C00001659A5 /* Build configuration list for PBXNativeTarget "Cafe_NIBM" */;
			buildPhases = (
				CEBBBD5A25F34BFE001659A5 /* Sources */,
				CEBBBD5B25F34BFE001659A5 /* Frameworks */,
				CEBBBD5C25F34BFE001659A5 /* Resources */,
			);
			buildRules = (
			);
			dependencies = (
			);
			name = Cafe_NIBM;
			productName = Cafe_NIBM;
			productReference = CEBBBD5E25F34BFE001659A5 /* Cafe_NIBM.app */;
			productType = "com.apple.product-type.application";
		};
/* End PBXNativeTarget section */

/* Begin PBXProject section */
		CEBBBD5625F34BFE001659A5 /* Project object */ = {
			isa = PBXProject;
			attributes = {
				LastSwiftUpdateCheck = 1240;
				LastUpgradeCheck = 1240;
				TargetAttributes = {
					CEBBBD5D25F34BFE001659A5 = {
						CreatedOnToolsVersion = 12.4;
					};
				};
			};
			buildConfigurationList = CEBBBD5925F34BFE001659A5 /* Build configuration list for PBXProject "Cafe_NIBM" */;
			compatibilityVersion = "Xcode 9.3";
			developmentRegion = en;
			hasScannedForEncodings = 0;
			knownRegions = (
				en,
				Base,
			);
			mainGroup = CEBBBD5525F34BFE001659A5;
			productRefGroup = CEBBBD5F25F34BFE001659A5 /* Products */;
			projectDirPath = "";
			projectRoot = "";
			targets = (
				CEBBBD5D25F34BFE001659A5 /* Cafe_NIBM */,
			);
		};
/* End PBXProject section */

/* Begin PBXResourcesBuildPhase section */
		CEBBBD5C25F34BFE001659A5 /* Resources */ = {
			isa = PBXResourcesBuildPhase;
			buildActionMask = 2147483647;
			files = (
				CEBBBD6E25F34C00001659A5 /* LaunchScreen.storyboard in Resources */,
				CEBBBD6B25F34C00001659A5 /* Assets.xcassets in Resources */,
				CEBBBD6925F34BFE001659A5 /* Main.storyboard in Resources */,
			);
			runOnlyForDeploymentPostprocessing = 0;
		};
/* End PBXResourcesBuildPhase section */

/* Begin PBXSourcesBuildPhase section */
		CEBBBD5A25F34BFE001659A5 /* Sources */ = {
			isa = PBXSourcesBuildPhase;
			buildActionMask = 2147483647;
			files = (
				CEBBBD6625F34BFE001659A5 /* ViewController.swift in Sources */,
				CEBBBD8125F34D30001659A5 /* ViewController_Home.swift in Sources */,
				CEBBBD6225F34BFE001659A5 /* AppDelegate.swift in Sources */,
				CEBBBD7E25F34CEE001659A5 /* ViewController_Login.swift in Sources */,
				CEBBBD7B25F34CCA001659A5 /* ViewController_SignUp.swift in Sources */,
				CEBBBD6425F34BFE001659A5 /* SceneDelegate.swift in Sources */,
			);
			runOnlyForDeploymentPostprocessing = 0;
		};
/* End PBXSourcesBuildPhase section */

/* Begin PBXVariantGroup section */
		CEBBBD6725F34BFE001659A5 /* Main.storyboard */ = {
			isa = PBXVariantGroup;
			children = (
				CEBBBD6825F34BFE001659A5 /* Base */,
			);
			name = Main.storyboard;
			sourceTree = "<group>";
		};
		CEBBBD6C25F34C00001659A5 /* LaunchScreen.storyboard */ = {
			isa = PBXVariantGroup;
			children = (
				CEBBBD6D25F34C00001659A5 /* Base */,
			);
			name = LaunchScreen.storyboard;
			sourceTree = "<group>";
		};
/* End PBXVariantGroup section */

/* Begin XCBuildConfiguration section */
		CEBBBD7025F34C00001659A5 /* Debug */ = {
			isa = XCBuildConfiguration;
			buildSettings = {
				ALWAYS_SEARCH_USER_PATHS = NO;
				CLANG_ANALYZER_NONNULL = YES;
				CLANG_ANALYZER_NUMBER_OBJECT_CONVERSION = YES_AGGRESSIVE;
				CLANG_CXX_LANGUAGE_STANDARD = "gnu++14";
				CLANG_CXX_LIBRARY = "libc++";
				CLANG_ENABLE_MODULES = YES;
				CLANG_ENABLE_OBJC_ARC = YES;
				CLANG_ENABLE_OBJC_WEAK = YES;
				CLANG_WARN_BLOCK_CAPTURE_AUTORELEASING = YES;
				CLANG_WARN_BOOL_CONVERSION = YES;
				CLANG_WARN_COMMA = YES;
				CLANG_WARN_CONSTANT_CONVERSION = YES;
				CLANG_WARN_DEPRECATED_OBJC_IMPLEMENTATIONS = YES;
				CLANG_WARN_DIRECT_OBJC_ISA_USAGE = YES_ERROR;
				CLANG_WARN_DOCUMENTATION_COMMENTS = YES;
				CLANG_WARN_EMPTY_BODY = YES;
				CLANG_WARN_ENUM_CONVERSION = YES;
				CLANG_WARN_INFINITE_RECURSION = YES;
				CLANG_WARN_INT_CONVERSION = YES;
				CLANG_WARN_NON_LITERAL_NULL_CONVERSION = YES;
				CLANG_WARN_OBJC_IMPLICIT_RETAIN_SELF = YES;
				CLANG_WARN_OBJC_LITERAL_CONVERSION = YES;
				CLANG_WARN_OBJC_ROOT_CLASS = YES_ERROR;
				CLANG_WARN_QUOTED_INCLUDE_IN_FRAMEWORK_HEADER = YES;
				CLANG_WARN_RANGE_LOOP_ANALYSIS = YES;
				CLANG_WARN_STRICT_PROTOTYPES = YES;
				CLANG_WARN_SUSPICIOUS_MOVE = YES;
				CLANG_WARN_UNGUARDED_AVAILABILITY = YES_AGGRESSIVE;
				CLANG_WARN_UNREACHABLE_CODE = YES;
				CLANG_WARN__DUPLICATE_METHOD_MATCH = YES;
				COPY_PHASE_STRIP = NO;
				DEBUG_INFORMATION_FORMAT = dwarf;
				ENABLE_STRICT_OBJC_MSGSEND = YES;
				ENABLE_TESTABILITY = YES;
				GCC_C_LANGUAGE_STANDARD = gnu11;
				GCC_DYNAMIC_NO_PIC = NO;
				GCC_NO_COMMON_BLOCKS = YES;
				GCC_OPTIMIZATION_LEVEL = 0;
				GCC_PREPROCESSOR_DEFINITIONS = (
					"DEBUG=1",
					"$(inherited)",
				);
				GCC_WARN_64_TO_32_BIT_CONVERSION = YES;
				GCC_WARN_ABOUT_RETURN_TYPE = YES_ERROR;
				GCC_WARN_UNDECLARED_SELECTOR = YES;
				GCC_WARN_UNINITIALIZED_AUTOS = YES_AGGRESSIVE;
				GCC_WARN_UNUSED_FUNCTION = YES;
				GCC_WARN_UNUSED_VARIABLE = YES;
				IPHONEOS_DEPLOYMENT_TARGET = 14.4;
				MTL_ENABLE_DEBUG_INFO = INCLUDE_SOURCE;
				MTL_FAST_MATH = YES;
				ONLY_ACTIVE_ARCH = YES;
				SDKROOT = iphoneos;
				SWIFT_ACTIVE_COMPILATION_CONDITIONS = DEBUG;
				SWIFT_OPTIMIZATION_LEVEL = "-Onone";
			};
			name = Debug;
		};
		CEBBBD7125F34C00001659A5 /* Release */ = {
			isa = XCBuildConfiguration;
			buildSettings = {
				ALWAYS_SEARCH_USER_PATHS = NO;
				CLANG_ANALYZER_NONNULL = YES;
				CLANG_ANALYZER_NUMBER_OBJECT_CONVERSION = YES_AGGRESSIVE;
				CLANG_CXX_LANGUAGE_STANDARD = "gnu++14";
				CLANG_CXX_LIBRARY = "libc++";
				CLANG_ENABLE_MODULES = YES;
				CLANG_ENABLE_OBJC_ARC = YES;
				CLANG_ENABLE_OBJC_WEAK = YES;
				CLANG_WARN_BLOCK_CAPTURE_AUTORELEASING = YES;
				CLANG_WARN_BOOL_CONVERSION = YES;
				CLANG_WARN_COMMA = YES;
				CLANG_WARN_CONSTANT_CONVERSION = YES;
				CLANG_WARN_DEPRECATED_OBJC_IMPLEMENTATIONS = YES;
				CLANG_WARN_DIRECT_OBJC_ISA_USAGE = YES_ERROR;
				CLANG_WARN_DOCUMENTATION_COMMENTS = YES;
				CLANG_WARN_EMPTY_BODY = YES;
				CLANG_WARN_ENUM_CONVERSION = YES;
				CLANG_WARN_INFINITE_RECURSION = YES;
				CLANG_WARN_INT_CONVERSION = YES;
				CLANG_WARN_NON_LITERAL_NULL_CONVERSION = YES;
				CLANG_WARN_OBJC_IMPLICIT_RETAIN_SELF = YES;
				CLANG_WARN_OBJC_LITERAL_CONVERSION = YES;
				CLANG_WARN_OBJC_ROOT_CLASS = YES_ERROR;
				CLANG_WARN_QUOTED_INCLUDE_IN_FRAMEWORK_HEADER = YES;
				CLANG_WARN_RANGE_LOOP_ANALYSIS = YES;
				CLANG_WARN_STRICT_PROTOTYPES = YES;
				CLANG_WARN_SUSPICIOUS_MOVE = YES;
				CLANG_WARN_UNGUARDED_AVAILABILITY = YES_AGGRESSIVE;
				CLANG_WARN_UNREACHABLE_CODE = YES;
				CLANG_WARN__DUPLICATE_METHOD_MATCH = YES;
				COPY_PHASE_STRIP = NO;
				DEBUG_INFORMATION_FORMAT = "dwarf-with-dsym";
				ENABLE_NS_ASSERTIONS = NO;
				ENABLE_STRICT_OBJC_MSGSEND = YES;
				GCC_C_LANGUAGE_STANDARD = gnu11;
				GCC_NO_COMMON_BLOCKS = YES;
				GCC_WARN_64_TO_32_BIT_CONVERSION = YES;
				GCC_WARN_ABOUT_RETURN_TYPE = YES_ERROR;
				GCC_WARN_UNDECLARED_SELECTOR = YES;
				GCC_WARN_UNINITIALIZED_AUTOS = YES_AGGRESSIVE;
				GCC_WARN_UNUSED_FUNCTION = YES;
				GCC_WARN_UNUSED_VARIABLE = YES;
				IPHONEOS_DEPLOYMENT_TARGET = 14.4;
				MTL_ENABLE_DEBUG_INFO = NO;
				MTL_FAST_MATH = YES;
				SDKROOT = iphoneos;
				SWIFT_COMPILATION_MODE = wholemodule;
				SWIFT_OPTIMIZATION_LEVEL = "-O";
				VALIDATE_PRODUCT = YES;
			};
			name = Release;
		};
		CEBBBD7325F34C00001659A5 /* Debug */ = {
			isa = XCBuildConfiguration;
			buildSettings = {
				ASSETCATALOG_COMPILER_APPICON_NAME = AppIcon;
				ASSETCATALOG_COMPILER_GLOBAL_ACCENT_COLOR_NAME = AccentColor;
				CODE_SIGN_STYLE = Automatic;
				DEVELOPMENT_TEAM = 89N5A7WMQY;
				INFOPLIST_FILE = Cafe_NIBM/Info.plist;
				LD_RUNPATH_SEARCH_PATHS = (
					"$(inherited)",
					"@executable_path/Frameworks",
				);
				PRODUCT_BUNDLE_IDENTIFIER = "G.S.P.Perera-COBSCCOMP192P-042.Cafe-NIBM";
				PRODUCT_NAME = "$(TARGET_NAME)";
				SWIFT_VERSION = 5.0;
				TARGETED_DEVICE_FAMILY = "1,2";
			};
			name = Debug;
		};
		CEBBBD7425F34C00001659A5 /* Release */ = {
			isa = XCBuildConfiguration;
			buildSettings = {
				ASSETCATALOG_COMPILER_APPICON_NAME = AppIcon;
				ASSETCATALOG_COMPILER_GLOBAL_ACCENT_COLOR_NAME = AccentColor;
				CODE_SIGN_STYLE = Automatic;
				DEVELOPMENT_TEAM = 89N5A7WMQY;
				INFOPLIST_FILE = Cafe_NIBM/Info.plist;
				LD_RUNPATH_SEARCH_PATHS = (
					"$(inherited)",
					"@executable_path/Frameworks",
				);
				PRODUCT_BUNDLE_IDENTIFIER = "G.S.P.Perera-COBSCCOMP192P-042.Cafe-NIBM";
				PRODUCT_NAME = "$(TARGET_NAME)";
				SWIFT_VERSION = 5.0;
				TARGETED_DEVICE_FAMILY = "1,2";
			};
			name = Release;
		};
/* End XCBuildConfiguration section */

/* Begin XCConfigurationList section */
		CEBBBD5925F34BFE001659A5 /* Build configuration list for PBXProject "Cafe_NIBM" */ = {
			isa = XCConfigurationList;
			buildConfigurations = (
				CEBBBD7025F34C00001659A5 /* Debug */,
				CEBBBD7125F34C00001659A5 /* Release */,
			);
			defaultConfigurationIsVisible = 0;
			defaultConfigurationName = Release;
		};
		CEBBBD7225F34C00001659A5 /* Build configuration list for PBXNativeTarget "Cafe_NIBM" */ = {
			isa = XCConfigurationList;
			buildConfigurations = (
				CEBBBD7325F34C00001659A5 /* Debug */,
				CEBBBD7425F34C00001659A5 /* Release */,
			);
			defaultConfigurationIsVisible = 0;
			defaultConfigurationName = Release;
		};
/* End XCConfigurationList section */
	};
	rootObject = CEBBBD5625F34BFE001659A5 /* Project object */;
}
